// !$*UTF8*$!
{
	archiveVersion = 1;
	classes = {
	};
	objectVersion = 50;
	objects = {

/* Begin PBXBuildFile section */
		7100A2942226295C007809F7 /* AppDelegate.swift in Sources */ = {isa = PBXBuildFile; fileRef = 7100A2932226295C007809F7 /* AppDelegate.swift */; };
		7100A2962226295C007809F7 /* ViewController.swift in Sources */ = {isa = PBXBuildFile; fileRef = 7100A2952226295C007809F7 /* ViewController.swift */; };
		7100A2992226295C007809F7 /* Main.storyboard in Resources */ = {isa = PBXBuildFile; fileRef = 7100A2972226295C007809F7 /* Main.storyboard */; };
		7100A29B2226295E007809F7 /* Assets.xcassets in Resources */ = {isa = PBXBuildFile; fileRef = 7100A29A2226295E007809F7 /* Assets.xcassets */; };
		7100A29E2226295E007809F7 /* LaunchScreen.storyboard in Resources */ = {isa = PBXBuildFile; fileRef = 7100A29C2226295E007809F7 /* LaunchScreen.storyboard */; };
		7100A2A92226295E007809F7 /* calculateTests.swift in Sources */ = {isa = PBXBuildFile; fileRef = 7100A2A82226295E007809F7 /* calculateTests.swift */; };
		7100A2B42226295E007809F7 /* calculateUITests.swift in Sources */ = {isa = PBXBuildFile; fileRef = 7100A2B32226295E007809F7 /* calculateUITests.swift */; };
/* End PBXBuildFile section */

/* Begin PBXContainerItemProxy section */
		7100A2A52226295E007809F7 /* PBXContainerItemProxy */ = {
			isa = PBXContainerItemProxy;
			containerPortal = 7100A2882226295C007809F7 /* Project object */;
			proxyType = 1;
			remoteGlobalIDString = 7100A28F2226295C007809F7;
			remoteInfo = calculate;
		};
		7100A2B02226295E007809F7 /* PBXContainerItemProxy */ = {
			isa = PBXContainerItemProxy;
			containerPortal = 7100A2882226295C007809F7 /* Project object */;
			proxyType = 1;
			remoteGlobalIDString = 7100A28F2226295C007809F7;
			remoteInfo = calculate;
		};
/* End PBXContainerItemProxy section */

/* Begin PBXFileReference section */
		7100A2902226295C007809F7 /* calculate.app */ = {isa = PBXFileReference; explicitFileType = wrapper.application; includeInIndex = 0; path = calculate.app; sourceTree = BUILT_PRODUCTS_DIR; };
		7100A2932226295C007809F7 /* AppDelegate.swift */ = {isa = PBXFileReference; lastKnownFileType = sourcecode.swift; path = AppDelegate.swift; sourceTree = "<group>"; };
		7100A2952226295C007809F7 /* ViewController.swift */ = {isa = PBXFileReference; lastKnownFileType = sourcecode.swift; path = ViewController.swift; sourceTree = "<group>"; };
		7100A2982226295C007809F7 /* Base */ = {isa = PBXFileReference; lastKnownFileType = file.storyboard; name = Base; path = Base.lproj/Main.storyboard; sourceTree = "<group>"; };
		7100A29A2226295E007809F7 /* Assets.xcassets */ = {isa = PBXFileReference; lastKnownFileType = folder.assetcatalog; path = Assets.xcassets; sourceTree = "<group>"; };
		7100A29D2226295E007809F7 /* Base */ = {isa = PBXFileReference; lastKnownFileType = file.storyboard; name = Base; path = Base.lproj/LaunchScreen.storyboard; sourceTree = "<group>"; };
		7100A29F2226295E007809F7 /* Info.plist */ = {isa = PBXFileReference; lastKnownFileType = text.plist.xml; path = Info.plist; sourceTree = "<group>"; };
		7100A2A42226295E007809F7 /* calculateTests.xctest */ = {isa = PBXFileReference; explicitFileType = wrapper.cfbundle; includeInIndex = 0; path = calculateTests.xctest; sourceTree = BUILT_PRODUCTS_DIR; };
		7100A2A82226295E007809F7 /* calculateTests.swift */ = {isa = PBXFileReference; lastKnownFileType = sourcecode.swift; path = calculateTests.swift; sourceTree = "<group>"; };
		7100A2AA2226295E007809F7 /* Info.plist */ = {isa = PBXFileReference; lastKnownFileType = text.plist.xml; path = Info.plist; sourceTree = "<group>"; };
		7100A2AF2226295E007809F7 /* calculateUITests.xctest */ = {isa = PBXFileReference; explicitFileType = wrapper.cfbundle; includeInIndex = 0; path = calculateUITests.xctest; sourceTree = BUILT_PRODUCTS_DIR; };
		7100A2B32226295E007809F7 /* calculateUITests.swift */ = {isa = PBXFileReference; lastKnownFileType = sourcecode.swift; path = calculateUITests.swift; sourceTree = "<group>"; };
		7100A2B52226295E007809F7 /* Info.plist */ = {isa = PBXFileReference; lastKnownFileType = text.plist.xml; path = Info.plist; sourceTree = "<group>"; };
/* End PBXFileReference section */

/* Begin PBXFrameworksBuildPhase section */
		7100A28D2226295C007809F7 /* Frameworks */ = {
			isa = PBXFrameworksBuildPhase;
			buildActionMask = 2147483647;
			files = (
			);
			runOnlyForDeploymentPostprocessing = 0;
		};
		7100A2A12226295E007809F7 /* Frameworks */ = {
			isa = PBXFrameworksBuildPhase;
			buildActionMask = 2147483647;
			files = (
			);
			runOnlyForDeploymentPostprocessing = 0;
		};
		7100A2AC2226295E007809F7 /* Frameworks */ = {
			isa = PBXFrameworksBuildPhase;
			buildActionMask = 2147483647;
			files = (
			);
			runOnlyForDeploymentPostprocessing = 0;
		};
/* End PBXFrameworksBuildPhase section */

/* Begin PBXGroup section */
		7100A2872226295C007809F7 = {
			isa = PBXGroup;
			children = (
				7100A2922226295C007809F7 /* calculate */,
				7100A2A72226295E007809F7 /* calculateTests */,
				7100A2B22226295E007809F7 /* calculateUITests */,
				7100A2912226295C007809F7 /* Products */,
			);
			sourceTree = "<group>";
		};
		7100A2912226295C007809F7 /* Products */ = {
			isa = PBXGroup;
			children = (
				7100A2902226295C007809F7 /* calculate.app */,
				7100A2A42226295E007809F7 /* calculateTests.xctest */,
				7100A2AF2226295E007809F7 /* calculateUITests.xctest */,
			);
			name = Products;
			sourceTree = "<group>";
		};
		7100A2922226295C007809F7 /* calculate */ = {
			isa = PBXGroup;
			children = (
				7100A2932226295C007809F7 /* AppDelegate.swift */,
				7100A2952226295C007809F7 /* ViewController.swift */,
				7100A2972226295C007809F7 /* Main.storyboard */,
				7100A29A2226295E007809F7 /* Assets.xcassets */,
				7100A29C2226295E007809F7 /* LaunchScreen.storyboard */,
				7100A29F2226295E007809F7 /* Info.plist */,
			);
			path = calculate;
			sourceTree = "<group>";
		};
		7100A2A72226295E007809F7 /* calculateTests */ = {
			isa = PBXGroup;
			children = (
				7100A2A82226295E007809F7 /* calculateTests.swift */,
				7100A2AA2226295E007809F7 /* Info.plist */,
			);
			path = calculateTests;
			sourceTree = "<group>";
		};
		7100A2B22226295E007809F7 /* calculateUITests */ = {
			isa = PBXGroup;
			children = (
				7100A2B32226295E007809F7 /* calculateUITests.swift */,
				7100A2B52226295E007809F7 /* Info.plist */,
			);
			path = calculateUITests;
			sourceTree = "<group>";
		};
/* End PBXGroup section */

/* Begin PBXNativeTarget section */
		7100A28F2226295C007809F7 /* calculate */ = {
			isa = PBXNativeTarget;
			buildConfigurationList = 7100A2B82226295E007809F7 /* Build configuration list for PBXNativeTarget "calculate" */;
			buildPhases = (
				7100A28C2226295C007809F7 /* Sources */,
				7100A28D2226295C007809F7 /* Frameworks */,
				7100A28E2226295C007809F7 /* Resources */,
			);
			buildRules = (
			);
			dependencies = (
			);
			name = calculate;
			productName = calculate;
			productReference = 7100A2902226295C007809F7 /* calculate.app */;
			productType = "com.apple.product-type.application";
		};
		7100A2A32226295E007809F7 /* calculateTests */ = {
			isa = PBXNativeTarget;
			buildConfigurationList = 7100A2BB2226295E007809F7 /* Build configuration list for PBXNativeTarget "calculateTests" */;
			buildPhases = (
				7100A2A02226295E007809F7 /* Sources */,
				7100A2A12226295E007809F7 /* Frameworks */,
				7100A2A22226295E007809F7 /* Resources */,
			);
			buildRules = (
			);
			dependencies = (
				7100A2A62226295E007809F7 /* PBXTargetDependency */,
			);
			name = calculateTests;
			productName = calculateTests;
			productReference = 7100A2A42226295E007809F7 /* calculateTests.xctest */;
			productType = "com.apple.product-type.bundle.unit-test";
		};
		7100A2AE2226295E007809F7 /* calculateUITests */ = {
			isa = PBXNativeTarget;
			buildConfigurationList = 7100A2BE2226295E007809F7 /* Build configuration list for PBXNativeTarget "calculateUITests" */;
			buildPhases = (
				7100A2AB2226295E007809F7 /* Sources */,
				7100A2AC2226295E007809F7 /* Frameworks */,
				7100A2AD2226295E007809F7 /* Resources */,
			);
			buildRules = (
			);
			dependencies = (
				7100A2B12226295E007809F7 /* PBXTargetDependency */,
			);
			name = calculateUITests;
			productName = calculateUITests;
			productReference = 7100A2AF2226295E007809F7 /* calculateUITests.xctest */;
			productType = "com.apple.product-type.bundle.ui-testing";
		};
/* End PBXNativeTarget section */

/* Begin PBXProject section */
		7100A2882226295C007809F7 /* Project object */ = {
			isa = PBXProject;
			attributes = {
				LastSwiftUpdateCheck = 1000;
				LastUpgradeCheck = 1000;
				ORGANIZATIONNAME = "吕若凡";
				TargetAttributes = {
					7100A28F2226295C007809F7 = {
						CreatedOnToolsVersion = 10.0;
					};
					7100A2A32226295E007809F7 = {
						CreatedOnToolsVersion = 10.0;
						TestTargetID = 7100A28F2226295C007809F7;
					};
					7100A2AE2226295E007809F7 = {
						CreatedOnToolsVersion = 10.0;
						TestTargetID = 7100A28F2226295C007809F7;
					};
				};
			};
			buildConfigurationList = 7100A28B2226295C007809F7 /* Build configuration list for PBXProject "calculate" */;
			compatibilityVersion = "Xcode 9.3";
			developmentRegion = en;
			hasScannedForEncodings = 0;
			knownRegions = (
				en,
				Base,
			);
			mainGroup = 7100A2872226295C007809F7;
			productRefGroup = 7100A2912226295C007809F7 /* Products */;
			projectDirPath = "";
			projectRoot = "";
			targets = (
				7100A28F2226295C007809F7 /* calculate */,
				7100A2A32226295E007809F7 /* calculateTests */,
				7100A2AE2226295E007809F7 /* calculateUITests */,
			);
		};
/* End PBXProject section */

/* Begin PBXResourcesBuildPhase section */
		7100A28E2226295C007809F7 /* Resources */ = {
			isa = PBXResourcesBuildPhase;
			buildActionMask = 2147483647;
			files = (
				7100A29E2226295E007809F7 /* LaunchScreen.storyboard in Resources */,
				7100A29B2226295E007809F7 /* Assets.xcassets in Resources */,
				7100A2992226295C007809F7 /* Main.storyboard in Resources */,
			);
			runOnlyForDeploymentPostprocessing = 0;
		};
		7100A2A22226295E007809F7 /* Resources */ = {
			isa = PBXResourcesBuildPhase;
			buildActionMask = 2147483647;
			files = (
			);
			runOnlyForDeploymentPostprocessing = 0;
		};
		7100A2AD2226295E007809F7 /* Resources */ = {
			isa = PBXResourcesBuildPhase;
			buildActionMask = 2147483647;
			files = (
			);
			runOnlyForDeploymentPostprocessing = 0;
		};
/* End PBXResourcesBuildPhase section */

/* Begin PBXSourcesBuildPhase section */
		7100A28C2226295C007809F7 /* Sources */ = {
			isa = PBXSourcesBuildPhase;
			buildActionMask = 2147483647;
			files = (
				7100A2962226295C007809F7 /* ViewController.swift in Sources */,
				7100A2942226295C007809F7 /* AppDelegate.swift in Sources */,
			);
			runOnlyForDeploymentPostprocessing = 0;
		};
		7100A2A02226295E007809F7 /* Sources */ = {
			isa = PBXSourcesBuildPhase;
			buildActionMask = 2147483647;
			files = (
				7100A2A92226295E007809F7 /* calculateTests.swift in Sources */,
			);
			runOnlyForDeploymentPostprocessing = 0;
		};
		7100A2AB2226295E007809F7 /* Sources */ = {
			isa = PBXSourcesBuildPhase;
			buildActionMask = 2147483647;
			files = (
				7100A2B42226295E007809F7 /* calculateUITests.swift in Sources */,
			);
			runOnlyForDeploymentPostprocessing = 0;
		};
/* End PBXSourcesBuildPhase section */

/* Begin PBXTargetDependency section */
		7100A2A62226295E007809F7 /* PBXTargetDependency */ = {
			isa = PBXTargetDependency;
			target = 7100A28F2226295C007809F7 /* calculate */;
			targetProxy = 7100A2A52226295E007809F7 /* PBXContainerItemProxy */;
		};
		7100A2B12226295E007809F7 /* PBXTargetDependency */ = {
			isa = PBXTargetDependency;
			target = 7100A28F2226295C007809F7 /* calculate */;
			targetProxy = 7100A2B02226295E007809F7 /* PBXContainerItemProxy */;
		};
/* End PBXTargetDependency section */

/* Begin PBXVariantGroup section */
		7100A2972226295C007809F7 /* Main.storyboard */ = {
			isa = PBXVariantGroup;
			children = (
				7100A2982226295C007809F7 /* Base */,
			);
			name = Main.storyboard;
			sourceTree = "<group>";
		};
		7100A29C2226295E007809F7 /* LaunchScreen.storyboard */ = {
			isa = PBXVariantGroup;
			children = (
				7100A29D2226295E007809F7 /* Base */,
			);
			name = LaunchScreen.storyboard;
			sourceTree = "<group>";
		};
/* End PBXVariantGroup section */

/* Begin XCBuildConfiguration section */
		7100A2B62226295E007809F7 /* Debug */ = {
			isa = XCBuildConfiguration;
			buildSettings = {
				ALWAYS_SEARCH_USER_PATHS = NO;
				CLANG_ANALYZER_NONNULL = YES;
				CLANG_ANALYZER_NUMBER_OBJECT_CONVERSION = YES_AGGRESSIVE;
				CLANG_CXX_LANGUAGE_STANDARD = "gnu++14";
				CLANG_CXX_LIBRARY = "libc++";
				CLANG_ENABLE_MODULES = YES;
				CLANG_ENABLE_OBJC_ARC = YES;
				CLANG_ENABLE_OBJC_WEAK = YES;
				CLANG_WARN_BLOCK_CAPTURE_AUTORELEASING = YES;
				CLANG_WARN_BOOL_CONVERSION = YES;
				CLANG_WARN_COMMA = YES;
				CLANG_WARN_CONSTANT_CONVERSION = YES;
				CLANG_WARN_DEPRECATED_OBJC_IMPLEMENTATIONS = YES;
				CLANG_WARN_DIRECT_OBJC_ISA_USAGE = YES_ERROR;
				CLANG_WARN_DOCUMENTATION_COMMENTS = YES;
				CLANG_WARN_EMPTY_BODY = YES;
				CLANG_WARN_ENUM_CONVERSION = YES;
				CLANG_WARN_INFINITE_RECURSION = YES;
				CLANG_WARN_INT_CONVERSION = YES;
				CLANG_WARN_NON_LITERAL_NULL_CONVERSION = YES;
				CLANG_WARN_OBJC_IMPLICIT_RETAIN_SELF = YES;
				CLANG_WARN_OBJC_LITERAL_CONVERSION = YES;
				CLANG_WARN_OBJC_ROOT_CLASS = YES_ERROR;
				CLANG_WARN_RANGE_LOOP_ANALYSIS = YES;
				CLANG_WARN_STRICT_PROTOTYPES = YES;
				CLANG_WARN_SUSPICIOUS_MOVE = YES;
				CLANG_WARN_UNGUARDED_AVAILABILITY = YES_AGGRESSIVE;
				CLANG_WARN_UNREACHABLE_CODE = YES;
				CLANG_WARN__DUPLICATE_METHOD_MATCH = YES;
				CODE_SIGN_IDENTITY = "iPhone Developer";
				COPY_PHASE_STRIP = NO;
				DEBUG_INFORMATION_FORMAT = dwarf;
				ENABLE_STRICT_OBJC_MSGSEND = YES;
				ENABLE_TESTABILITY = YES;
				GCC_C_LANGUAGE_STANDARD = gnu11;
				GCC_DYNAMIC_NO_PIC = NO;
				GCC_NO_COMMON_BLOCKS = YES;
				GCC_OPTIMIZATION_LEVEL = 0;
				GCC_PREPROCESSOR_DEFINITIONS = (
					"DEBUG=1",
					"$(inherited)",
				);
				GCC_WARN_64_TO_32_BIT_CONVERSION = YES;
				GCC_WARN_ABOUT_RETURN_TYPE = YES_ERROR;
				GCC_WARN_UNDECLARED_SELECTOR = YES;
				GCC_WARN_UNINITIALIZED_AUTOS = YES_AGGRESSIVE;
				GCC_WARN_UNUSED_FUNCTION = YES;
				GCC_WARN_UNUSED_VARIABLE = YES;
				IPHONEOS_DEPLOYMENT_TARGET = 12.0;
				MTL_ENABLE_DEBUG_INFO = INCLUDE_SOURCE;
				MTL_FAST_MATH = YES;
				ONLY_ACTIVE_ARCH = YES;
				SDKROOT = iphoneos;
				SWIFT_ACTIVE_COMPILATION_CONDITIONS = DEBUG;
				SWIFT_OPTIMIZATION_LEVEL = "-Onone";
			};
			name = Debug;
		};
		7100A2B72226295E007809F7 /* Release */ = {
			isa = XCBuildConfiguration;
			buildSettings = {
				ALWAYS_SEARCH_USER_PATHS = NO;
				CLANG_ANALYZER_NONNULL = YES;
				CLANG_ANALYZER_NUMBER_OBJECT_CONVERSION = YES_AGGRESSIVE;
				CLANG_CXX_LANGUAGE_STANDARD = "gnu++14";
				CLANG_CXX_LIBRARY = "libc++";
				CLANG_ENABLE_MODULES = YES;
				CLANG_ENABLE_OBJC_ARC = YES;
				CLANG_ENABLE_OBJC_WEAK = YES;
				CLANG_WARN_BLOCK_CAPTURE_AUTORELEASING = YES;
				CLANG_WARN_BOOL_CONVERSION = YES;
				CLANG_WARN_COMMA = YES;
				CLANG_WARN_CONSTANT_CONVERSION = YES;
				CLANG_WARN_DEPRECATED_OBJC_IMPLEMENTATIONS = YES;
				CLANG_WARN_DIRECT_OBJC_ISA_USAGE = YES_ERROR;
				CLANG_WARN_DOCUMENTATION_COMMENTS = YES;
				CLANG_WARN_EMPTY_BODY = YES;
				CLANG_WARN_ENUM_CONVERSION = YES;
				CLANG_WARN_INFINITE_RECURSION = YES;
				CLANG_WARN_INT_CONVERSION = YES;
				CLANG_WARN_NON_LITERAL_NULL_CONVERSION = YES;
				CLANG_WARN_OBJC_IMPLICIT_RETAIN_SELF = YES;
				CLANG_WARN_OBJC_LITERAL_CONVERSION = YES;
				CLANG_WARN_OBJC_ROOT_CLASS = YES_ERROR;
				CLANG_WARN_RANGE_LOOP_ANALYSIS = YES;
				CLANG_WARN_STRICT_PROTOTYPES = YES;
				CLANG_WARN_SUSPICIOUS_MOVE = YES;
				CLANG_WARN_UNGUARDED_AVAILABILITY = YES_AGGRESSIVE;
				CLANG_WARN_UNREACHABLE_CODE = YES;
				CLANG_WARN__DUPLICATE_METHOD_MATCH = YES;
				CODE_SIGN_IDENTITY = "iPhone Developer";
				COPY_PHASE_STRIP = NO;
				DEBUG_INFORMATION_FORMAT = "dwarf-with-dsym";
				ENABLE_NS_ASSERTIONS = NO;
				ENABLE_STRICT_OBJC_MSGSEND = YES;
				GCC_C_LANGUAGE_STANDARD = gnu11;
				GCC_NO_COMMON_BLOCKS = YES;
				GCC_WARN_64_TO_32_BIT_CONVERSION = YES;
				GCC_WARN_ABOUT_RETURN_TYPE = YES_ERROR;
				GCC_WARN_UNDECLARED_SELECTOR = YES;
				GCC_WARN_UNINITIALIZED_AUTOS = YES_AGGRESSIVE;
				GCC_WARN_UNUSED_FUNCTION = YES;
				GCC_WARN_UNUSED_VARIABLE = YES;
				IPHONEOS_DEPLOYMENT_TARGET = 12.0;
				MTL_ENABLE_DEBUG_INFO = NO;
				MTL_FAST_MATH = YES;
				SDKROOT = iphoneos;
				SWIFT_COMPILATION_MODE = wholemodule;
				SWIFT_OPTIMIZATION_LEVEL = "-O";
				VALIDATE_PRODUCT = YES;
			};
			name = Release;
		};
		7100A2B92226295E007809F7 /* Debug */ = {
			isa = XCBuildConfiguration;
			buildSettings = {
				ASSETCATALOG_COMPILER_APPICON_NAME = AppIcon;
				CODE_SIGN_STYLE = Automatic;
				DEVELOPMENT_TEAM = DFUF892SSU;
				INFOPLIST_FILE = calculate/Info.plist;
				LD_RUNPATH_SEARCH_PATHS = (
					"$(inherited)",
					"@executable_path/Frameworks",
				);
				PRODUCT_BUNDLE_IDENTIFIER = com.calculate;
				PRODUCT_NAME = "$(TARGET_NAME)";
				SWIFT_VERSION = 4.2;
				TARGETED_DEVICE_FAMILY = "1,2";
			};
			name = Debug;
		};
		7100A2BA2226295E007809F7 /* Release */ = {
			isa = XCBuildConfiguration;
			buildSettings = {
				ASSETCATALOG_COMPILER_APPICON_NAME = AppIcon;
				CODE_SIGN_STYLE = Automatic;
				DEVELOPMENT_TEAM = DFUF892SSU;
				INFOPLIST_FILE = calculate/Info.plist;
				LD_RUNPATH_SEARCH_PATHS = (
					"$(inherited)",
					"@executable_path/Frameworks",
				);
				PRODUCT_BUNDLE_IDENTIFIER = com.calculate;
				PRODUCT_NAME = "$(TARGET_NAME)";
				SWIFT_VERSION = 4.2;
				TARGETED_DEVICE_FAMILY = "1,2";
			};
			name = Release;
		};
		7100A2BC2226295E007809F7 /* Debug */ = {
			isa = XCBuildConfiguration;
			buildSettings = {
				ALWAYS_EMBED_SWIFT_STANDARD_LIBRARIES = YES;
				BUNDLE_LOADER = "$(TEST_HOST)";
				CODE_SIGN_STYLE = Automatic;
				DEVELOPMENT_TEAM = DFUF892SSU;
				INFOPLIST_FILE = calculateTests/Info.plist;
				LD_RUNPATH_SEARCH_PATHS = (
					"$(inherited)",
					"@executable_path/Frameworks",
					"@loader_path/Frameworks",
				);
				PRODUCT_BUNDLE_IDENTIFIER = com.calculateTests;
				PRODUCT_NAME = "$(TARGET_NAME)";
				SWIFT_VERSION = 4.2;
				TARGETED_DEVICE_FAMILY = "1,2";
				TEST_HOST = "$(BUILT_PRODUCTS_DIR)/calculate.app/calculate";
			};
			name = Debug;
		};
		7100A2BD2226295E007809F7 /* Release */ = {
			isa = XCBuildConfiguration;
			buildSettings = {
				ALWAYS_EMBED_SWIFT_STANDARD_LIBRARIES = YES;
				BUNDLE_LOADER = "$(TEST_HOST)";
				CODE_SIGN_STYLE = Automatic;
				DEVELOPMENT_TEAM = DFUF892SSU;
				INFOPLIST_FILE = calculateTests/Info.plist;
				LD_RUNPATH_SEARCH_PATHS = (
					"$(inherited)",
					"@executable_path/Frameworks",
					"@loader_path/Frameworks",
				);
				PRODUCT_BUNDLE_IDENTIFIER = com.calculateTests;
				PRODUCT_NAME = "$(TARGET_NAME)";
				SWIFT_VERSION = 4.2;
				TARGETED_DEVICE_FAMILY = "1,2";
				TEST_HOST = "$(BUILT_PRODUCTS_DIR)/calculate.app/calculate";
			};
			name = Release;
		};
		7100A2BF2226295E007809F7 /* Debug */ = {
			isa = XCBuildConfiguration;
			buildSettings = {
				ALWAYS_EMBED_SWIFT_STANDARD_LIBRARIES = YES;
				CODE_SIGN_STYLE = Automatic;
				DEVELOPMENT_TEAM = DFUF892SSU;
				INFOPLIST_FILE = calculateUITests/Info.plist;
				LD_RUNPATH_SEARCH_PATHS = (
					"$(inherited)",
					"@executable_path/Frameworks",
					"@loader_path/Frameworks",
				);
				PRODUCT_BUNDLE_IDENTIFIER = com.calculateUITests;
				PRODUCT_NAME = "$(TARGET_NAME)";
				SWIFT_VERSION = 4.2;
				TARGETED_DEVICE_FAMILY = "1,2";
				TEST_TARGET_NAME = calculate;
			};
			name = Debug;
		};
		7100A2C02226295E007809F7 /* Release */ = {
			isa = XCBuildConfiguration;
			buildSettings = {
				ALWAYS_EMBED_SWIFT_STANDARD_LIBRARIES = YES;
				CODE_SIGN_STYLE = Automatic;
				DEVELOPMENT_TEAM = DFUF892SSU;
				INFOPLIST_FILE = calculateUITests/Info.plist;
				LD_RUNPATH_SEARCH_PATHS = (
					"$(inherited)",
					"@executable_path/Frameworks",
					"@loader_path/Frameworks",
				);
				PRODUCT_BUNDLE_IDENTIFIER = com.calculateUITests;
				PRODUCT_NAME = "$(TARGET_NAME)";
				SWIFT_VERSION = 4.2;
				TARGETED_DEVICE_FAMILY = "1,2";
				TEST_TARGET_NAME = calculate;
			};
			name = Release;
		};
/* End XCBuildConfiguration section */

/* Begin XCConfigurationList section */
		7100A28B2226295C007809F7 /* Build configuration list for PBXProject "calculate" */ = {
			isa = XCConfigurationList;
			buildConfigurations = (
				7100A2B62226295E007809F7 /* Debug */,
				7100A2B72226295E007809F7 /* Release */,
			);
			defaultConfigurationIsVisible = 0;
			defaultConfigurationName = Release;
		};
		7100A2B82226295E007809F7 /* Build configuration list for PBXNativeTarget "calculate" */ = {
			isa = XCConfigurationList;
			buildConfigurations = (
				7100A2B92226295E007809F7 /* Debug */,
				7100A2BA2226295E007809F7 /* Release */,
			);
			defaultConfigurationIsVisible = 0;
			defaultConfigurationName = Release;
		};
		7100A2BB2226295E007809F7 /* Build configuration list for PBXNativeTarget "calculateTests" */ = {
			isa = XCConfigurationList;
			buildConfigurations = (
				7100A2BC2226295E007809F7 /* Debug */,
				7100A2BD2226295E007809F7 /* Release */,
			);
			defaultConfigurationIsVisible = 0;
			defaultConfigurationName = Release;
		};
		7100A2BE2226295E007809F7 /* Build configuration list for PBXNativeTarget "calculateUITests" */ = {
			isa = XCConfigurationList;
			buildConfigurations = (
				7100A2BF2226295E007809F7 /* Debug */,
				7100A2C02226295E007809F7 /* Release */,
			);
			defaultConfigurationIsVisible = 0;
			defaultConfigurationName = Release;
		};
/* End XCConfigurationList section */
	};
	rootObject = 7100A2882226295C007809F7 /* Project object */;
}
