// !$*UTF8*$!
{
	archiveVersion = 1;
	classes = {
	};
	objectVersion = 50;
	objects = {

/* Begin PBXBuildFile section */
		719BE4122256F891002D530B /* AppDelegate.swift in Sources */ = {isa = PBXBuildFile; fileRef = 719BE4112256F891002D530B /* AppDelegate.swift */; };
		719BE4172256F891002D530B /* Main.storyboard in Resources */ = {isa = PBXBuildFile; fileRef = 719BE4152256F891002D530B /* Main.storyboard */; };
		719BE4192256F899002D530B /* Assets.xcassets in Resources */ = {isa = PBXBuildFile; fileRef = 719BE4182256F899002D530B /* Assets.xcassets */; };
		719BE41C2256F899002D530B /* LaunchScreen.storyboard in Resources */ = {isa = PBXBuildFile; fileRef = 719BE41A2256F899002D530B /* LaunchScreen.storyboard */; };
		719BE4272256F899002D530B /* FontTests.swift in Sources */ = {isa = PBXBuildFile; fileRef = 719BE4262256F899002D530B /* FontTests.swift */; };
		719BE4322256F899002D530B /* FontUITests.swift in Sources */ = {isa = PBXBuildFile; fileRef = 719BE4312256F899002D530B /* FontUITests.swift */; };
		719BE4402256FBD1002D530B /* FavoritesList.swift in Sources */ = {isa = PBXBuildFile; fileRef = 719BE43F2256FBD1002D530B /* FavoritesList.swift */; };
		719BE4422256FE67002D530B /* RootViewController.swift in Sources */ = {isa = PBXBuildFile; fileRef = 719BE4412256FE67002D530B /* RootViewController.swift */; };
		719BE4442257021A002D530B /* FontListViewController.swift in Sources */ = {isa = PBXBuildFile; fileRef = 719BE4432257021A002D530B /* FontListViewController.swift */; };
		719BE44822570539002D530B /* FontSizesViewController.swift in Sources */ = {isa = PBXBuildFile; fileRef = 719BE44722570539002D530B /* FontSizesViewController.swift */; };
		719BE44A2257061B002D530B /* FontInfoViewController.swift in Sources */ = {isa = PBXBuildFile; fileRef = 719BE4492257061B002D530B /* FontInfoViewController.swift */; };
/* End PBXBuildFile section */

/* Begin PBXContainerItemProxy section */
		719BE4232256F899002D530B /* PBXContainerItemProxy */ = {
			isa = PBXContainerItemProxy;
			containerPortal = 719BE4062256F891002D530B /* Project object */;
			proxyType = 1;
			remoteGlobalIDString = 719BE40D2256F891002D530B;
			remoteInfo = Font;
		};
		719BE42E2256F899002D530B /* PBXContainerItemProxy */ = {
			isa = PBXContainerItemProxy;
			containerPortal = 719BE4062256F891002D530B /* Project object */;
			proxyType = 1;
			remoteGlobalIDString = 719BE40D2256F891002D530B;
			remoteInfo = Font;
		};
/* End PBXContainerItemProxy section */

/* Begin PBXFileReference section */
		719BE40E2256F891002D530B /* Font.app */ = {isa = PBXFileReference; explicitFileType = wrapper.application; includeInIndex = 0; path = Font.app; sourceTree = BUILT_PRODUCTS_DIR; };
		719BE4112256F891002D530B /* AppDelegate.swift */ = {isa = PBXFileReference; lastKnownFileType = sourcecode.swift; path = AppDelegate.swift; sourceTree = "<group>"; };
		719BE4162256F891002D530B /* Base */ = {isa = PBXFileReference; lastKnownFileType = file.storyboard; name = Base; path = Base.lproj/Main.storyboard; sourceTree = "<group>"; };
		719BE4182256F899002D530B /* Assets.xcassets */ = {isa = PBXFileReference; lastKnownFileType = folder.assetcatalog; path = Assets.xcassets; sourceTree = "<group>"; };
		719BE41B2256F899002D530B /* Base */ = {isa = PBXFileReference; lastKnownFileType = file.storyboard; name = Base; path = Base.lproj/LaunchScreen.storyboard; sourceTree = "<group>"; };
		719BE41D2256F899002D530B /* Info.plist */ = {isa = PBXFileReference; lastKnownFileType = text.plist.xml; path = Info.plist; sourceTree = "<group>"; };
		719BE4222256F899002D530B /* FontTests.xctest */ = {isa = PBXFileReference; explicitFileType = wrapper.cfbundle; includeInIndex = 0; path = FontTests.xctest; sourceTree = BUILT_PRODUCTS_DIR; };
		719BE4262256F899002D530B /* FontTests.swift */ = {isa = PBXFileReference; lastKnownFileType = sourcecode.swift; path = FontTests.swift; sourceTree = "<group>"; };
		719BE4282256F899002D530B /* Info.plist */ = {isa = PBXFileReference; lastKnownFileType = text.plist.xml; path = Info.plist; sourceTree = "<group>"; };
		719BE42D2256F899002D530B /* FontUITests.xctest */ = {isa = PBXFileReference; explicitFileType = wrapper.cfbundle; includeInIndex = 0; path = FontUITests.xctest; sourceTree = BUILT_PRODUCTS_DIR; };
		719BE4312256F899002D530B /* FontUITests.swift */ = {isa = PBXFileReference; lastKnownFileType = sourcecode.swift; path = FontUITests.swift; sourceTree = "<group>"; };
		719BE4332256F899002D530B /* Info.plist */ = {isa = PBXFileReference; lastKnownFileType = text.plist.xml; path = Info.plist; sourceTree = "<group>"; };
		719BE43F2256FBD1002D530B /* FavoritesList.swift */ = {isa = PBXFileReference; lastKnownFileType = sourcecode.swift; path = FavoritesList.swift; sourceTree = "<group>"; };
		719BE4412256FE67002D530B /* RootViewController.swift */ = {isa = PBXFileReference; lastKnownFileType = sourcecode.swift; path = RootViewController.swift; sourceTree = "<group>"; };
		719BE4432257021A002D530B /* FontListViewController.swift */ = {isa = PBXFileReference; lastKnownFileType = sourcecode.swift; path = FontListViewController.swift; sourceTree = "<group>"; };
		719BE44722570539002D530B /* FontSizesViewController.swift */ = {isa = PBXFileReference; lastKnownFileType = sourcecode.swift; path = FontSizesViewController.swift; sourceTree = "<group>"; };
		719BE4492257061B002D530B /* FontInfoViewController.swift */ = {isa = PBXFileReference; lastKnownFileType = sourcecode.swift; path = FontInfoViewController.swift; sourceTree = "<group>"; };
/* End PBXFileReference section */

/* Begin PBXFrameworksBuildPhase section */
		719BE40B2256F891002D530B /* Frameworks */ = {
			isa = PBXFrameworksBuildPhase;
			buildActionMask = 2147483647;
			files = (
			);
			runOnlyForDeploymentPostprocessing = 0;
		};
		719BE41F2256F899002D530B /* Frameworks */ = {
			isa = PBXFrameworksBuildPhase;
			buildActionMask = 2147483647;
			files = (
			);
			runOnlyForDeploymentPostprocessing = 0;
		};
		719BE42A2256F899002D530B /* Frameworks */ = {
			isa = PBXFrameworksBuildPhase;
			buildActionMask = 2147483647;
			files = (
			);
			runOnlyForDeploymentPostprocessing = 0;
		};
/* End PBXFrameworksBuildPhase section */

/* Begin PBXGroup section */
		719BE4052256F891002D530B = {
			isa = PBXGroup;
			children = (
				719BE4102256F891002D530B /* Font */,
				719BE4252256F899002D530B /* FontTests */,
				719BE4302256F899002D530B /* FontUITests */,
				719BE40F2256F891002D530B /* Products */,
			);
			sourceTree = "<group>";
		};
		719BE40F2256F891002D530B /* Products */ = {
			isa = PBXGroup;
			children = (
				719BE40E2256F891002D530B /* Font.app */,
				719BE4222256F899002D530B /* FontTests.xctest */,
				719BE42D2256F899002D530B /* FontUITests.xctest */,
			);
			name = Products;
			sourceTree = "<group>";
		};
		719BE4102256F891002D530B /* Font */ = {
			isa = PBXGroup;
			children = (
				719BE4112256F891002D530B /* AppDelegate.swift */,
				719BE4152256F891002D530B /* Main.storyboard */,
				719BE4492257061B002D530B /* FontInfoViewController.swift */,
				719BE4412256FE67002D530B /* RootViewController.swift */,
				719BE44722570539002D530B /* FontSizesViewController.swift */,
				719BE4432257021A002D530B /* FontListViewController.swift */,
				719BE43F2256FBD1002D530B /* FavoritesList.swift */,
				719BE4182256F899002D530B /* Assets.xcassets */,
				719BE41A2256F899002D530B /* LaunchScreen.storyboard */,
				719BE41D2256F899002D530B /* Info.plist */,
			);
			path = Font;
			sourceTree = "<group>";
		};
		719BE4252256F899002D530B /* FontTests */ = {
			isa = PBXGroup;
			children = (
				719BE4262256F899002D530B /* FontTests.swift */,
				719BE4282256F899002D530B /* Info.plist */,
			);
			path = FontTests;
			sourceTree = "<group>";
		};
		719BE4302256F899002D530B /* FontUITests */ = {
			isa = PBXGroup;
			children = (
				719BE4312256F899002D530B /* FontUITests.swift */,
				719BE4332256F899002D530B /* Info.plist */,
			);
			path = FontUITests;
			sourceTree = "<group>";
		};
/* End PBXGroup section */

/* Begin PBXNativeTarget section */
		719BE40D2256F891002D530B /* Font */ = {
			isa = PBXNativeTarget;
			buildConfigurationList = 719BE4362256F899002D530B /* Build configuration list for PBXNativeTarget "Font" */;
			buildPhases = (
				719BE40A2256F891002D530B /* Sources */,
				719BE40B2256F891002D530B /* Frameworks */,
				719BE40C2256F891002D530B /* Resources */,
			);
			buildRules = (
			);
			dependencies = (
			);
			name = Font;
			productName = Font;
			productReference = 719BE40E2256F891002D530B /* Font.app */;
			productType = "com.apple.product-type.application";
		};
		719BE4212256F899002D530B /* FontTests */ = {
			isa = PBXNativeTarget;
			buildConfigurationList = 719BE4392256F899002D530B /* Build configuration list for PBXNativeTarget "FontTests" */;
			buildPhases = (
				719BE41E2256F899002D530B /* Sources */,
				719BE41F2256F899002D530B /* Frameworks */,
				719BE4202256F899002D530B /* Resources */,
			);
			buildRules = (
			);
			dependencies = (
				719BE4242256F899002D530B /* PBXTargetDependency */,
			);
			name = FontTests;
			productName = FontTests;
			productReference = 719BE4222256F899002D530B /* FontTests.xctest */;
			productType = "com.apple.product-type.bundle.unit-test";
		};
		719BE42C2256F899002D530B /* FontUITests */ = {
			isa = PBXNativeTarget;
			buildConfigurationList = 719BE43C2256F899002D530B /* Build configuration list for PBXNativeTarget "FontUITests" */;
			buildPhases = (
				719BE4292256F899002D530B /* Sources */,
				719BE42A2256F899002D530B /* Frameworks */,
				719BE42B2256F899002D530B /* Resources */,
			);
			buildRules = (
			);
			dependencies = (
				719BE42F2256F899002D530B /* PBXTargetDependency */,
			);
			name = FontUITests;
			productName = FontUITests;
			productReference = 719BE42D2256F899002D530B /* FontUITests.xctest */;
			productType = "com.apple.product-type.bundle.ui-testing";
		};
/* End PBXNativeTarget section */

/* Begin PBXProject section */
		719BE4062256F891002D530B /* Project object */ = {
			isa = PBXProject;
			attributes = {
				LastSwiftUpdateCheck = 1000;
				LastUpgradeCheck = 1000;
				ORGANIZATIONNAME = "吕若凡";
				TargetAttributes = {
					719BE40D2256F891002D530B = {
						CreatedOnToolsVersion = 10.0;
					};
					719BE4212256F899002D530B = {
						CreatedOnToolsVersion = 10.0;
						TestTargetID = 719BE40D2256F891002D530B;
					};
					719BE42C2256F899002D530B = {
						CreatedOnToolsVersion = 10.0;
						TestTargetID = 719BE40D2256F891002D530B;
					};
				};
			};
			buildConfigurationList = 719BE4092256F891002D530B /* Build configuration list for PBXProject "Font" */;
			compatibilityVersion = "Xcode 9.3";
			developmentRegion = en;
			hasScannedForEncodings = 0;
			knownRegions = (
				en,
				Base,
			);
			mainGroup = 719BE4052256F891002D530B;
			productRefGroup = 719BE40F2256F891002D530B /* Products */;
			projectDirPath = "";
			projectRoot = "";
			targets = (
				719BE40D2256F891002D530B /* Font */,
				719BE4212256F899002D530B /* FontTests */,
				719BE42C2256F899002D530B /* FontUITests */,
			);
		};
/* End PBXProject section */

/* Begin PBXResourcesBuildPhase section */
		719BE40C2256F891002D530B /* Resources */ = {
			isa = PBXResourcesBuildPhase;
			buildActionMask = 2147483647;
			files = (
				719BE41C2256F899002D530B /* LaunchScreen.storyboard in Resources */,
				719BE4192256F899002D530B /* Assets.xcassets in Resources */,
				719BE4172256F891002D530B /* Main.storyboard in Resources */,
			);
			runOnlyForDeploymentPostprocessing = 0;
		};
		719BE4202256F899002D530B /* Resources */ = {
			isa = PBXResourcesBuildPhase;
			buildActionMask = 2147483647;
			files = (
			);
			runOnlyForDeploymentPostprocessing = 0;
		};
		719BE42B2256F899002D530B /* Resources */ = {
			isa = PBXResourcesBuildPhase;
			buildActionMask = 2147483647;
			files = (
			);
			runOnlyForDeploymentPostprocessing = 0;
		};
/* End PBXResourcesBuildPhase section */

/* Begin PBXSourcesBuildPhase section */
		719BE40A2256F891002D530B /* Sources */ = {
			isa = PBXSourcesBuildPhase;
			buildActionMask = 2147483647;
			files = (
				719BE44822570539002D530B /* FontSizesViewController.swift in Sources */,
				719BE4122256F891002D530B /* AppDelegate.swift in Sources */,
				719BE4442257021A002D530B /* FontListViewController.swift in Sources */,
				719BE44A2257061B002D530B /* FontInfoViewController.swift in Sources */,
				719BE4402256FBD1002D530B /* FavoritesList.swift in Sources */,
				719BE4422256FE67002D530B /* RootViewController.swift in Sources */,
			);
			runOnlyForDeploymentPostprocessing = 0;
		};
		719BE41E2256F899002D530B /* Sources */ = {
			isa = PBXSourcesBuildPhase;
			buildActionMask = 2147483647;
			files = (
				719BE4272256F899002D530B /* FontTests.swift in Sources */,
			);
			runOnlyForDeploymentPostprocessing = 0;
		};
		719BE4292256F899002D530B /* Sources */ = {
			isa = PBXSourcesBuildPhase;
			buildActionMask = 2147483647;
			files = (
				719BE4322256F899002D530B /* FontUITests.swift in Sources */,
			);
			runOnlyForDeploymentPostprocessing = 0;
		};
/* End PBXSourcesBuildPhase section */

/* Begin PBXTargetDependency section */
		719BE4242256F899002D530B /* PBXTargetDependency */ = {
			isa = PBXTargetDependency;
			target = 719BE40D2256F891002D530B /* Font */;
			targetProxy = 719BE4232256F899002D530B /* PBXContainerItemProxy */;
		};
		719BE42F2256F899002D530B /* PBXTargetDependency */ = {
			isa = PBXTargetDependency;
			target = 719BE40D2256F891002D530B /* Font */;
			targetProxy = 719BE42E2256F899002D530B /* PBXContainerItemProxy */;
		};
/* End PBXTargetDependency section */

/* Begin PBXVariantGroup section */
		719BE4152256F891002D530B /* Main.storyboard */ = {
			isa = PBXVariantGroup;
			children = (
				719BE4162256F891002D530B /* Base */,
			);
			name = Main.storyboard;
			sourceTree = "<group>";
		};
		719BE41A2256F899002D530B /* LaunchScreen.storyboard */ = {
			isa = PBXVariantGroup;
			children = (
				719BE41B2256F899002D530B /* Base */,
			);
			name = LaunchScreen.storyboard;
			sourceTree = "<group>";
		};
/* End PBXVariantGroup section */

/* Begin XCBuildConfiguration section */
		719BE4342256F899002D530B /* Debug */ = {
			isa = XCBuildConfiguration;
			buildSettings = {
				ALWAYS_SEARCH_USER_PATHS = NO;
				CLANG_ANALYZER_NONNULL = YES;
				CLANG_ANALYZER_NUMBER_OBJECT_CONVERSION = YES_AGGRESSIVE;
				CLANG_CXX_LANGUAGE_STANDARD = "gnu++14";
				CLANG_CXX_LIBRARY = "libc++";
				CLANG_ENABLE_MODULES = YES;
				CLANG_ENABLE_OBJC_ARC = YES;
				CLANG_ENABLE_OBJC_WEAK = YES;
				CLANG_WARN_BLOCK_CAPTURE_AUTORELEASING = YES;
				CLANG_WARN_BOOL_CONVERSION = YES;
				CLANG_WARN_COMMA = YES;
				CLANG_WARN_CONSTANT_CONVERSION = YES;
				CLANG_WARN_DEPRECATED_OBJC_IMPLEMENTATIONS = YES;
				CLANG_WARN_DIRECT_OBJC_ISA_USAGE = YES_ERROR;
				CLANG_WARN_DOCUMENTATION_COMMENTS = YES;
				CLANG_WARN_EMPTY_BODY = YES;
				CLANG_WARN_ENUM_CONVERSION = YES;
				CLANG_WARN_INFINITE_RECURSION = YES;
				CLANG_WARN_INT_CONVERSION = YES;
				CLANG_WARN_NON_LITERAL_NULL_CONVERSION = YES;
				CLANG_WARN_OBJC_IMPLICIT_RETAIN_SELF = YES;
				CLANG_WARN_OBJC_LITERAL_CONVERSION = YES;
				CLANG_WARN_OBJC_ROOT_CLASS = YES_ERROR;
				CLANG_WARN_RANGE_LOOP_ANALYSIS = YES;
				CLANG_WARN_STRICT_PROTOTYPES = YES;
				CLANG_WARN_SUSPICIOUS_MOVE = YES;
				CLANG_WARN_UNGUARDED_AVAILABILITY = YES_AGGRESSIVE;
				CLANG_WARN_UNREACHABLE_CODE = YES;
				CLANG_WARN__DUPLICATE_METHOD_MATCH = YES;
				CODE_SIGN_IDENTITY = "iPhone Developer";
				COPY_PHASE_STRIP = NO;
				DEBUG_INFORMATION_FORMAT = dwarf;
				ENABLE_STRICT_OBJC_MSGSEND = YES;
				ENABLE_TESTABILITY = YES;
				GCC_C_LANGUAGE_STANDARD = gnu11;
				GCC_DYNAMIC_NO_PIC = NO;
				GCC_NO_COMMON_BLOCKS = YES;
				GCC_OPTIMIZATION_LEVEL = 0;
				GCC_PREPROCESSOR_DEFINITIONS = (
					"DEBUG=1",
					"$(inherited)",
				);
				GCC_WARN_64_TO_32_BIT_CONVERSION = YES;
				GCC_WARN_ABOUT_RETURN_TYPE = YES_ERROR;
				GCC_WARN_UNDECLARED_SELECTOR = YES;
				GCC_WARN_UNINITIALIZED_AUTOS = YES_AGGRESSIVE;
				GCC_WARN_UNUSED_FUNCTION = YES;
				GCC_WARN_UNUSED_VARIABLE = YES;
				IPHONEOS_DEPLOYMENT_TARGET = 12.0;
				MTL_ENABLE_DEBUG_INFO = INCLUDE_SOURCE;
				MTL_FAST_MATH = YES;
				ONLY_ACTIVE_ARCH = YES;
				SDKROOT = iphoneos;
				SWIFT_ACTIVE_COMPILATION_CONDITIONS = DEBUG;
				SWIFT_OPTIMIZATION_LEVEL = "-Onone";
			};
			name = Debug;
		};
		719BE4352256F899002D530B /* Release */ = {
			isa = XCBuildConfiguration;
			buildSettings = {
				ALWAYS_SEARCH_USER_PATHS = NO;
				CLANG_ANALYZER_NONNULL = YES;
				CLANG_ANALYZER_NUMBER_OBJECT_CONVERSION = YES_AGGRESSIVE;
				CLANG_CXX_LANGUAGE_STANDARD = "gnu++14";
				CLANG_CXX_LIBRARY = "libc++";
				CLANG_ENABLE_MODULES = YES;
				CLANG_ENABLE_OBJC_ARC = YES;
				CLANG_ENABLE_OBJC_WEAK = YES;
				CLANG_WARN_BLOCK_CAPTURE_AUTORELEASING = YES;
				CLANG_WARN_BOOL_CONVERSION = YES;
				CLANG_WARN_COMMA = YES;
				CLANG_WARN_CONSTANT_CONVERSION = YES;
				CLANG_WARN_DEPRECATED_OBJC_IMPLEMENTATIONS = YES;
				CLANG_WARN_DIRECT_OBJC_ISA_USAGE = YES_ERROR;
				CLANG_WARN_DOCUMENTATION_COMMENTS = YES;
				CLANG_WARN_EMPTY_BODY = YES;
				CLANG_WARN_ENUM_CONVERSION = YES;
				CLANG_WARN_INFINITE_RECURSION = YES;
				CLANG_WARN_INT_CONVERSION = YES;
				CLANG_WARN_NON_LITERAL_NULL_CONVERSION = YES;
				CLANG_WARN_OBJC_IMPLICIT_RETAIN_SELF = YES;
				CLANG_WARN_OBJC_LITERAL_CONVERSION = YES;
				CLANG_WARN_OBJC_ROOT_CLASS = YES_ERROR;
				CLANG_WARN_RANGE_LOOP_ANALYSIS = YES;
				CLANG_WARN_STRICT_PROTOTYPES = YES;
				CLANG_WARN_SUSPICIOUS_MOVE = YES;
				CLANG_WARN_UNGUARDED_AVAILABILITY = YES_AGGRESSIVE;
				CLANG_WARN_UNREACHABLE_CODE = YES;
				CLANG_WARN__DUPLICATE_METHOD_MATCH = YES;
				CODE_SIGN_IDENTITY = "iPhone Developer";
				COPY_PHASE_STRIP = NO;
				DEBUG_INFORMATION_FORMAT = "dwarf-with-dsym";
				ENABLE_NS_ASSERTIONS = NO;
				ENABLE_STRICT_OBJC_MSGSEND = YES;
				GCC_C_LANGUAGE_STANDARD = gnu11;
				GCC_NO_COMMON_BLOCKS = YES;
				GCC_WARN_64_TO_32_BIT_CONVERSION = YES;
				GCC_WARN_ABOUT_RETURN_TYPE = YES_ERROR;
				GCC_WARN_UNDECLARED_SELECTOR = YES;
				GCC_WARN_UNINITIALIZED_AUTOS = YES_AGGRESSIVE;
				GCC_WARN_UNUSED_FUNCTION = YES;
				GCC_WARN_UNUSED_VARIABLE = YES;
				IPHONEOS_DEPLOYMENT_TARGET = 12.0;
				MTL_ENABLE_DEBUG_INFO = NO;
				MTL_FAST_MATH = YES;
				SDKROOT = iphoneos;
				SWIFT_COMPILATION_MODE = wholemodule;
				SWIFT_OPTIMIZATION_LEVEL = "-O";
				VALIDATE_PRODUCT = YES;
			};
			name = Release;
		};
		719BE4372256F899002D530B /* Debug */ = {
			isa = XCBuildConfiguration;
			buildSettings = {
				ASSETCATALOG_COMPILER_APPICON_NAME = AppIcon;
				CODE_SIGN_STYLE = Automatic;
				DEVELOPMENT_TEAM = DFUF892SSU;
				INFOPLIST_FILE = Font/Info.plist;
				LD_RUNPATH_SEARCH_PATHS = (
					"$(inherited)",
					"@executable_path/Frameworks",
				);
				PRODUCT_BUNDLE_IDENTIFIER = com.Font;
				PRODUCT_NAME = "$(TARGET_NAME)";
				SWIFT_VERSION = 4.2;
				TARGETED_DEVICE_FAMILY = "1,2";
			};
			name = Debug;
		};
		719BE4382256F899002D530B /* Release */ = {
			isa = XCBuildConfiguration;
			buildSettings = {
				ASSETCATALOG_COMPILER_APPICON_NAME = AppIcon;
				CODE_SIGN_STYLE = Automatic;
				DEVELOPMENT_TEAM = DFUF892SSU;
				INFOPLIST_FILE = Font/Info.plist;
				LD_RUNPATH_SEARCH_PATHS = (
					"$(inherited)",
					"@executable_path/Frameworks",
				);
				PRODUCT_BUNDLE_IDENTIFIER = com.Font;
				PRODUCT_NAME = "$(TARGET_NAME)";
				SWIFT_VERSION = 4.2;
				TARGETED_DEVICE_FAMILY = "1,2";
			};
			name = Release;
		};
		719BE43A2256F899002D530B /* Debug */ = {
			isa = XCBuildConfiguration;
			buildSettings = {
				ALWAYS_EMBED_SWIFT_STANDARD_LIBRARIES = YES;
				BUNDLE_LOADER = "$(TEST_HOST)";
				CODE_SIGN_STYLE = Automatic;
				DEVELOPMENT_TEAM = DFUF892SSU;
				INFOPLIST_FILE = FontTests/Info.plist;
				LD_RUNPATH_SEARCH_PATHS = (
					"$(inherited)",
					"@executable_path/Frameworks",
					"@loader_path/Frameworks",
				);
				PRODUCT_BUNDLE_IDENTIFIER = com.FontTests;
				PRODUCT_NAME = "$(TARGET_NAME)";
				SWIFT_VERSION = 4.2;
				TARGETED_DEVICE_FAMILY = "1,2";
				TEST_HOST = "$(BUILT_PRODUCTS_DIR)/Font.app/Font";
			};
			name = Debug;
		};
		719BE43B2256F899002D530B /* Release */ = {
			isa = XCBuildConfiguration;
			buildSettings = {
				ALWAYS_EMBED_SWIFT_STANDARD_LIBRARIES = YES;
				BUNDLE_LOADER = "$(TEST_HOST)";
				CODE_SIGN_STYLE = Automatic;
				DEVELOPMENT_TEAM = DFUF892SSU;
				INFOPLIST_FILE = FontTests/Info.plist;
				LD_RUNPATH_SEARCH_PATHS = (
					"$(inherited)",
					"@executable_path/Frameworks",
					"@loader_path/Frameworks",
				);
				PRODUCT_BUNDLE_IDENTIFIER = com.FontTests;
				PRODUCT_NAME = "$(TARGET_NAME)";
				SWIFT_VERSION = 4.2;
				TARGETED_DEVICE_FAMILY = "1,2";
				TEST_HOST = "$(BUILT_PRODUCTS_DIR)/Font.app/Font";
			};
			name = Release;
		};
		719BE43D2256F899002D530B /* Debug */ = {
			isa = XCBuildConfiguration;
			buildSettings = {
				ALWAYS_EMBED_SWIFT_STANDARD_LIBRARIES = YES;
				CODE_SIGN_STYLE = Automatic;
				DEVELOPMENT_TEAM = DFUF892SSU;
				INFOPLIST_FILE = FontUITests/Info.plist;
				LD_RUNPATH_SEARCH_PATHS = (
					"$(inherited)",
					"@executable_path/Frameworks",
					"@loader_path/Frameworks",
				);
				PRODUCT_BUNDLE_IDENTIFIER = com.FontUITests;
				PRODUCT_NAME = "$(TARGET_NAME)";
				SWIFT_VERSION = 4.2;
				TARGETED_DEVICE_FAMILY = "1,2";
				TEST_TARGET_NAME = Font;
			};
			name = Debug;
		};
		719BE43E2256F899002D530B /* Release */ = {
			isa = XCBuildConfiguration;
			buildSettings = {
				ALWAYS_EMBED_SWIFT_STANDARD_LIBRARIES = YES;
				CODE_SIGN_STYLE = Automatic;
				DEVELOPMENT_TEAM = DFUF892SSU;
				INFOPLIST_FILE = FontUITests/Info.plist;
				LD_RUNPATH_SEARCH_PATHS = (
					"$(inherited)",
					"@executable_path/Frameworks",
					"@loader_path/Frameworks",
				);
				PRODUCT_BUNDLE_IDENTIFIER = com.FontUITests;
				PRODUCT_NAME = "$(TARGET_NAME)";
				SWIFT_VERSION = 4.2;
				TARGETED_DEVICE_FAMILY = "1,2";
				TEST_TARGET_NAME = Font;
			};
			name = Release;
		};
/* End XCBuildConfiguration section */

/* Begin XCConfigurationList section */
		719BE4092256F891002D530B /* Build configuration list for PBXProject "Font" */ = {
			isa = XCConfigurationList;
			buildConfigurations = (
				719BE4342256F899002D530B /* Debug */,
				719BE4352256F899002D530B /* Release */,
			);
			defaultConfigurationIsVisible = 0;
			defaultConfigurationName = Release;
		};
		719BE4362256F899002D530B /* Build configuration list for PBXNativeTarget "Font" */ = {
			isa = XCConfigurationList;
			buildConfigurations = (
				719BE4372256F899002D530B /* Debug */,
				719BE4382256F899002D530B /* Release */,
			);
			defaultConfigurationIsVisible = 0;
			defaultConfigurationName = Release;
		};
		719BE4392256F899002D530B /* Build configuration list for PBXNativeTarget "FontTests" */ = {
			isa = XCConfigurationList;
			buildConfigurations = (
				719BE43A2256F899002D530B /* Debug */,
				719BE43B2256F899002D530B /* Release */,
			);
			defaultConfigurationIsVisible = 0;
			defaultConfigurationName = Release;
		};
		719BE43C2256F899002D530B /* Build configuration list for PBXNativeTarget "FontUITests" */ = {
			isa = XCConfigurationList;
			buildConfigurations = (
				719BE43D2256F899002D530B /* Debug */,
				719BE43E2256F899002D530B /* Release */,
			);
			defaultConfigurationIsVisible = 0;
			defaultConfigurationName = Release;
		};
/* End XCConfigurationList section */
	};
	rootObject = 719BE4062256F891002D530B /* Project object */;
}
